
Microsoft Visual Studio Solution File, Format Version 12.00
# Visual Studio Version 16
VisualStudioVersion = 16.0.31729.503
MinimumVisualStudioVersion = 10.0.40219.1
Project("{9A19103F-16F7-4668-BE54-9A1E7A4F7556}") = "Factory", "Factory\Factory.csproj", "{943E6FF4-3EFB-42D5-9FD3-F49FE6AE7B81}"
EndProject
Project("{9A19103F-16F7-4668-BE54-9A1E7A4F7556}") = "Factory.Core", "Factory.Core\Factory.Core.csproj", "{9F7DB955-C87E-4ADA-861C-CABB95AA91D7}"
EndProject
Global
	GlobalSection(SolutionConfigurationPlatforms) = preSolution
		Debug|Any CPU = Debug|Any CPU
		Release|Any CPU = Release|Any CPU
	EndGlobalSection
	GlobalSection(ProjectConfigurationPlatforms) = postSolution
		{943E6FF4-3EFB-42D5-9FD3-F49FE6AE7B81}.Debug|Any CPU.ActiveCfg = Debug|Any CPU
		{943E6FF4-3EFB-42D5-9FD3-F49FE6AE7B81}.Debug|Any CPU.Build.0 = Debug|Any CPU
		{943E6FF4-3EFB-42D5-9FD3-F49FE6AE7B81}.Release|Any CPU.ActiveCfg = Release|Any CPU
		{943E6FF4-3EFB-42D5-9FD3-F49FE6AE7B81}.Release|Any CPU.Build.0 = Release|Any CPU
		{9F7DB955-C87E-4ADA-861C-CABB95AA91D7}.Debug|Any CPU.ActiveCfg = Debug|Any CPU
		{9F7DB955-C87E-4ADA-861C-CABB95AA91D7}.Debug|Any CPU.Build.0 = Debug|Any CPU
		{9F7DB955-C87E-4ADA-861C-CABB95AA91D7}.Release|Any CPU.ActiveCfg = Release|Any CPU
		{9F7DB955-C87E-4ADA-861C-CABB95AA91D7}.Release|Any CPU.Build.0 = Release|Any CPU
	EndGlobalSection
	GlobalSection(SolutionProperties) = preSolution
		HideSolutionNode = FALSE
	EndGlobalSection
	GlobalSection(ExtensibilityGlobals) = postSolution
		SolutionGuid = {CAD5A789-DEA5-4F7F-BC45-0A88C165912A}
	EndGlobalSection
EndGlobal
